// !$*UTF8*$!
{
	archiveVersion = 1;
	classes = {
	};
	objectVersion = 55;
	objects = {

/* Begin PBXBuildFile section */
		1F307F0F291A39C40028D2A1 /* LocalState.swift in Sources */ = {isa = PBXBuildFile; fileRef = 1F307F0E291A39C40028D2A1 /* LocalState.swift */; };
		1F39818C2918021400D1C806 /* LoginViewController.swift in Sources */ = {isa = PBXBuildFile; fileRef = 1F39818B2918021400D1C806 /* LoginViewController.swift */; };
		1F39818E2918023700D1C806 /* LoginView.swift in Sources */ = {isa = PBXBuildFile; fileRef = 1F39818D2918023600D1C806 /* LoginView.swift */; };
		1F3981912918087F00D1C806 /* OnboardingContainerViewController.swift in Sources */ = {isa = PBXBuildFile; fileRef = 1F3981902918087F00D1C806 /* OnboardingContainerViewController.swift */; };
		1F53E2982917FEC6007F1A07 /* AppDelegate.swift in Sources */ = {isa = PBXBuildFile; fileRef = 1F53E2972917FEC6007F1A07 /* AppDelegate.swift */; };
		1F53E2A12917FECA007F1A07 /* Assets.xcassets in Resources */ = {isa = PBXBuildFile; fileRef = 1F53E2A02917FECA007F1A07 /* Assets.xcassets */; };
		1F53E2A42917FECA007F1A07 /* LaunchScreen.storyboard in Resources */ = {isa = PBXBuildFile; fileRef = 1F53E2A22917FECA007F1A07 /* LaunchScreen.storyboard */; };
		1F56A66329194E4000F29129 /* OnboardingViewController.swift in Sources */ = {isa = PBXBuildFile; fileRef = 1F56A66229194E4000F29129 /* OnboardingViewController.swift */; };
		1FFED17429201BF100CFA4A6 /* UIViewController+Utils.swift in Sources */ = {isa = PBXBuildFile; fileRef = 1FFED17329201BF100CFA4A6 /* UIViewController+Utils.swift */; };
		1FFED17629201CC400CFA4A6 /* MainViewController.swift in Sources */ = {isa = PBXBuildFile; fileRef = 1FFED17529201CC400CFA4A6 /* MainViewController.swift */; };
		1FFED17929201FC400CFA4A6 /* AccountSummaryViewController.swift in Sources */ = {isa = PBXBuildFile; fileRef = 1FFED17829201FC400CFA4A6 /* AccountSummaryViewController.swift */; };
		DD33E8BE9CDB974A56D81B67 /* Pods_Bankey.framework in Frameworks */ = {isa = PBXBuildFile; fileRef = BD9996B78F7288EFED4C01E1 /* Pods_Bankey.framework */; };
/* End PBXBuildFile section */

/* Begin PBXFileReference section */
		1F307F0E291A39C40028D2A1 /* LocalState.swift */ = {isa = PBXFileReference; lastKnownFileType = sourcecode.swift; path = LocalState.swift; sourceTree = "<group>"; };
		1F39818B2918021400D1C806 /* LoginViewController.swift */ = {isa = PBXFileReference; lastKnownFileType = sourcecode.swift; path = LoginViewController.swift; sourceTree = "<group>"; };
		1F39818D2918023600D1C806 /* LoginView.swift */ = {isa = PBXFileReference; lastKnownFileType = sourcecode.swift; path = LoginView.swift; sourceTree = "<group>"; };
		1F3981902918087F00D1C806 /* OnboardingContainerViewController.swift */ = {isa = PBXFileReference; lastKnownFileType = sourcecode.swift; path = OnboardingContainerViewController.swift; sourceTree = "<group>"; };
		1F53E2942917FEC6007F1A07 /* Bankey.app */ = {isa = PBXFileReference; explicitFileType = wrapper.application; includeInIndex = 0; path = Bankey.app; sourceTree = BUILT_PRODUCTS_DIR; };
		1F53E2972917FEC6007F1A07 /* AppDelegate.swift */ = {isa = PBXFileReference; lastKnownFileType = sourcecode.swift; path = AppDelegate.swift; sourceTree = "<group>"; };
		1F53E2A02917FECA007F1A07 /* Assets.xcassets */ = {isa = PBXFileReference; lastKnownFileType = folder.assetcatalog; path = Assets.xcassets; sourceTree = "<group>"; };
		1F53E2A32917FECA007F1A07 /* Base */ = {isa = PBXFileReference; lastKnownFileType = file.storyboard; name = Base; path = Base.lproj/LaunchScreen.storyboard; sourceTree = "<group>"; };
		1F53E2A52917FECA007F1A07 /* Info.plist */ = {isa = PBXFileReference; lastKnownFileType = text.plist.xml; path = Info.plist; sourceTree = "<group>"; };
		1F56A66229194E4000F29129 /* OnboardingViewController.swift */ = {isa = PBXFileReference; lastKnownFileType = sourcecode.swift; path = OnboardingViewController.swift; sourceTree = "<group>"; };
		1FFED17329201BF100CFA4A6 /* UIViewController+Utils.swift */ = {isa = PBXFileReference; lastKnownFileType = sourcecode.swift; path = "UIViewController+Utils.swift"; sourceTree = "<group>"; };
		1FFED17529201CC400CFA4A6 /* MainViewController.swift */ = {isa = PBXFileReference; lastKnownFileType = sourcecode.swift; path = MainViewController.swift; sourceTree = "<group>"; };
		1FFED17829201FC400CFA4A6 /* AccountSummaryViewController.swift */ = {isa = PBXFileReference; lastKnownFileType = sourcecode.swift; path = AccountSummaryViewController.swift; sourceTree = "<group>"; };
		5AC4E66159D65A2C059AB208 /* Pods-Bankey.release.xcconfig */ = {isa = PBXFileReference; includeInIndex = 1; lastKnownFileType = text.xcconfig; name = "Pods-Bankey.release.xcconfig"; path = "Target Support Files/Pods-Bankey/Pods-Bankey.release.xcconfig"; sourceTree = "<group>"; };
		93717F0B16AF20526FED6EC1 /* Pods-Bankey.debug.xcconfig */ = {isa = PBXFileReference; includeInIndex = 1; lastKnownFileType = text.xcconfig; name = "Pods-Bankey.debug.xcconfig"; path = "Target Support Files/Pods-Bankey/Pods-Bankey.debug.xcconfig"; sourceTree = "<group>"; };
		BD9996B78F7288EFED4C01E1 /* Pods_Bankey.framework */ = {isa = PBXFileReference; explicitFileType = wrapper.framework; includeInIndex = 0; path = Pods_Bankey.framework; sourceTree = BUILT_PRODUCTS_DIR; };
/* End PBXFileReference section */

/* Begin PBXFrameworksBuildPhase section */
		1F53E2912917FEC6007F1A07 /* Frameworks */ = {
			isa = PBXFrameworksBuildPhase;
			buildActionMask = 2147483647;
			files = (
				DD33E8BE9CDB974A56D81B67 /* Pods_Bankey.framework in Frameworks */,
			);
			runOnlyForDeploymentPostprocessing = 0;
		};
/* End PBXFrameworksBuildPhase section */

/* Begin PBXGroup section */
		1AE34596311256EB3B1F9FFA /* Pods */ = {
			isa = PBXGroup;
			children = (
				93717F0B16AF20526FED6EC1 /* Pods-Bankey.debug.xcconfig */,
				5AC4E66159D65A2C059AB208 /* Pods-Bankey.release.xcconfig */,
			);
			path = Pods;
			sourceTree = "<group>";
		};
		1F307F0D291A39880028D2A1 /* Utils */ = {
			isa = PBXGroup;
			children = (
				1F307F0E291A39C40028D2A1 /* LocalState.swift */,
				1FFED17329201BF100CFA4A6 /* UIViewController+Utils.swift */,
			);
			name = Utils;
			sourceTree = "<group>";
		};
		1F398189291801CE00D1C806 /* Files */ = {
			isa = PBXGroup;
			children = (
				1F53E2A22917FECA007F1A07 /* LaunchScreen.storyboard */,
				1F53E2A52917FECA007F1A07 /* Info.plist */,
				1F53E2A02917FECA007F1A07 /* Assets.xcassets */,
			);
			name = Files;
			sourceTree = "<group>";
		};
		1F39818A2918020B00D1C806 /* Login */ = {
			isa = PBXGroup;
			children = (
				1F39818B2918021400D1C806 /* LoginViewController.swift */,
				1F39818D2918023600D1C806 /* LoginView.swift */,
			);
			path = Login;
			sourceTree = "<group>";
		};
		1F39818F2918039D00D1C806 /* Onboarding */ = {
			isa = PBXGroup;
			children = (
				1F3981902918087F00D1C806 /* OnboardingContainerViewController.swift */,
				1F56A66229194E4000F29129 /* OnboardingViewController.swift */,
			);
			path = Onboarding;
			sourceTree = "<group>";
		};
		1F53E28B2917FEC6007F1A07 = {
			isa = PBXGroup;
			children = (
				1F53E2962917FEC6007F1A07 /* Bankey */,
				1F53E2952917FEC6007F1A07 /* Products */,
				1AE34596311256EB3B1F9FFA /* Pods */,
				50C19AB07CBCCA625EEF9DA9 /* Frameworks */,
			);
			sourceTree = "<group>";
		};
		1F53E2952917FEC6007F1A07 /* Products */ = {
			isa = PBXGroup;
			children = (
				1F53E2942917FEC6007F1A07 /* Bankey.app */,
			);
			name = Products;
			sourceTree = "<group>";
		};
		1F53E2962917FEC6007F1A07 /* Bankey */ = {
			isa = PBXGroup;
			children = (
				1F53E2972917FEC6007F1A07 /* AppDelegate.swift */,
				1FFED17529201CC400CFA4A6 /* MainViewController.swift */,
				1F398189291801CE00D1C806 /* Files */,
				1F307F0D291A39880028D2A1 /* Utils */,
				1F39818F2918039D00D1C806 /* Onboarding */,
				1F39818A2918020B00D1C806 /* Login */,
				1FFED17729201F9600CFA4A6 /* Account Summary */,
			);
			path = Bankey;
			sourceTree = "<group>";
		};
		1FFED17729201F9600CFA4A6 /* Account Summary */ = {
			isa = PBXGroup;
			children = (
				1FFED17829201FC400CFA4A6 /* AccountSummaryViewController.swift */,
			);
			path = "Account Summary";
			sourceTree = "<group>";
		};
		50C19AB07CBCCA625EEF9DA9 /* Frameworks */ = {
			isa = PBXGroup;
			children = (
				BD9996B78F7288EFED4C01E1 /* Pods_Bankey.framework */,
			);
			name = Frameworks;
			sourceTree = "<group>";
		};
/* End PBXGroup section */

/* Begin PBXNativeTarget section */
		1F53E2932917FEC6007F1A07 /* Bankey */ = {
			isa = PBXNativeTarget;
			buildConfigurationList = 1F53E2A82917FECA007F1A07 /* Build configuration list for PBXNativeTarget "Bankey" */;
			buildPhases = (
				F9D179552CCB0F93FAD50054 /* [CP] Check Pods Manifest.lock */,
				1F80FA99291A69A1005BB484 /* ShellScript */,
				1F53E2902917FEC6007F1A07 /* Sources */,
				1F53E2912917FEC6007F1A07 /* Frameworks */,
				1F53E2922917FEC6007F1A07 /* Resources */,
			);
			buildRules = (
			);
			dependencies = (
			);
			name = Bankey;
			productName = Bankey;
			productReference = 1F53E2942917FEC6007F1A07 /* Bankey.app */;
			productType = "com.apple.product-type.application";
		};
/* End PBXNativeTarget section */

/* Begin PBXProject section */
		1F53E28C2917FEC6007F1A07 /* Project object */ = {
			isa = PBXProject;
			attributes = {
				BuildIndependentTargetsInParallel = 1;
				LastSwiftUpdateCheck = 1340;
				LastUpgradeCheck = 1340;
				TargetAttributes = {
					1F53E2932917FEC6007F1A07 = {
						CreatedOnToolsVersion = 13.4.1;
					};
				};
			};
			buildConfigurationList = 1F53E28F2917FEC6007F1A07 /* Build configuration list for PBXProject "Bankey" */;
			compatibilityVersion = "Xcode 13.0";
			developmentRegion = en;
			hasScannedForEncodings = 0;
			knownRegions = (
				en,
				Base,
			);
			mainGroup = 1F53E28B2917FEC6007F1A07;
			productRefGroup = 1F53E2952917FEC6007F1A07 /* Products */;
			projectDirPath = "";
			projectRoot = "";
			targets = (
				1F53E2932917FEC6007F1A07 /* Bankey */,
			);
		};
/* End PBXProject section */

/* Begin PBXResourcesBuildPhase section */
		1F53E2922917FEC6007F1A07 /* Resources */ = {
			isa = PBXResourcesBuildPhase;
			buildActionMask = 2147483647;
			files = (
				1F53E2A42917FECA007F1A07 /* LaunchScreen.storyboard in Resources */,
				1F53E2A12917FECA007F1A07 /* Assets.xcassets in Resources */,
			);
			runOnlyForDeploymentPostprocessing = 0;
		};
/* End PBXResourcesBuildPhase section */

/* Begin PBXShellScriptBuildPhase section */
		1F80FA99291A69A1005BB484 /* ShellScript */ = {
			isa = PBXShellScriptBuildPhase;
			buildActionMask = 2147483647;
			files = (
			);
			inputFileListPaths = (
			);
			inputPaths = (
			);
			outputFileListPaths = (
			);
			outputPaths = (
			);
			runOnlyForDeploymentPostprocessing = 0;
			shellPath = /bin/sh;
			shellScript = "\"${PODS_ROOT}/SwiftLint/swiftlint\"\n";
		};
		F9D179552CCB0F93FAD50054 /* [CP] Check Pods Manifest.lock */ = {
			isa = PBXShellScriptBuildPhase;
			buildActionMask = 2147483647;
			files = (
			);
			inputFileListPaths = (
			);
			inputPaths = (
				"${PODS_PODFILE_DIR_PATH}/Podfile.lock",
				"${PODS_ROOT}/Manifest.lock",
			);
			name = "[CP] Check Pods Manifest.lock";
			outputFileListPaths = (
			);
			outputPaths = (
				"$(DERIVED_FILE_DIR)/Pods-Bankey-checkManifestLockResult.txt",
			);
			runOnlyForDeploymentPostprocessing = 0;
			shellPath = /bin/sh;
			shellScript = "diff \"${PODS_PODFILE_DIR_PATH}/Podfile.lock\" \"${PODS_ROOT}/Manifest.lock\" > /dev/null\nif [ $? != 0 ] ; then\n    # print error to STDERR\n    echo \"error: The sandbox is not in sync with the Podfile.lock. Run 'pod install' or update your CocoaPods installation.\" >&2\n    exit 1\nfi\n# This output is used by Xcode 'outputs' to avoid re-running this script phase.\necho \"SUCCESS\" > \"${SCRIPT_OUTPUT_FILE_0}\"\n";
			showEnvVarsInLog = 0;
		};
/* End PBXShellScriptBuildPhase section */

/* Begin PBXSourcesBuildPhase section */
		1F53E2902917FEC6007F1A07 /* Sources */ = {
			isa = PBXSourcesBuildPhase;
			buildActionMask = 2147483647;
			files = (
				1F39818E2918023700D1C806 /* LoginView.swift in Sources */,
				1F307F0F291A39C40028D2A1 /* LocalState.swift in Sources */,
				1FFED17429201BF100CFA4A6 /* UIViewController+Utils.swift in Sources */,
				1F39818C2918021400D1C806 /* LoginViewController.swift in Sources */,
				1F56A66329194E4000F29129 /* OnboardingViewController.swift in Sources */,
				1F53E2982917FEC6007F1A07 /* AppDelegate.swift in Sources */,
				1F3981912918087F00D1C806 /* OnboardingContainerViewController.swift in Sources */,
				1FFED17629201CC400CFA4A6 /* MainViewController.swift in Sources */,
				1FFED17929201FC400CFA4A6 /* AccountSummaryViewController.swift in Sources */,
			);
			runOnlyForDeploymentPostprocessing = 0;
		};
/* End PBXSourcesBuildPhase section */

/* Begin PBXVariantGroup section */
		1F53E2A22917FECA007F1A07 /* LaunchScreen.storyboard */ = {
			isa = PBXVariantGroup;
			children = (
				1F53E2A32917FECA007F1A07 /* Base */,
			);
			name = LaunchScreen.storyboard;
			sourceTree = "<group>";
		};
/* End PBXVariantGroup section */

/* Begin XCBuildConfiguration section */
		1F53E2A62917FECA007F1A07 /* Debug */ = {
			isa = XCBuildConfiguration;
			buildSettings = {
				ALWAYS_SEARCH_USER_PATHS = NO;
				CLANG_ANALYZER_NONNULL = YES;
				CLANG_ANALYZER_NUMBER_OBJECT_CONVERSION = YES_AGGRESSIVE;
				CLANG_CXX_LANGUAGE_STANDARD = "gnu++17";
				CLANG_ENABLE_MODULES = YES;
				CLANG_ENABLE_OBJC_ARC = YES;
				CLANG_ENABLE_OBJC_WEAK = YES;
				CLANG_WARN_BLOCK_CAPTURE_AUTORELEASING = YES;
				CLANG_WARN_BOOL_CONVERSION = YES;
				CLANG_WARN_COMMA = YES;
				CLANG_WARN_CONSTANT_CONVERSION = YES;
				CLANG_WARN_DEPRECATED_OBJC_IMPLEMENTATIONS = YES;
				CLANG_WARN_DIRECT_OBJC_ISA_USAGE = YES_ERROR;
				CLANG_WARN_DOCUMENTATION_COMMENTS = YES;
				CLANG_WARN_EMPTY_BODY = YES;
				CLANG_WARN_ENUM_CONVERSION = YES;
				CLANG_WARN_INFINITE_RECURSION = YES;
				CLANG_WARN_INT_CONVERSION = YES;
				CLANG_WARN_NON_LITERAL_NULL_CONVERSION = YES;
				CLANG_WARN_OBJC_IMPLICIT_RETAIN_SELF = YES;
				CLANG_WARN_OBJC_LITERAL_CONVERSION = YES;
				CLANG_WARN_OBJC_ROOT_CLASS = YES_ERROR;
				CLANG_WARN_QUOTED_INCLUDE_IN_FRAMEWORK_HEADER = YES;
				CLANG_WARN_RANGE_LOOP_ANALYSIS = YES;
				CLANG_WARN_STRICT_PROTOTYPES = YES;
				CLANG_WARN_SUSPICIOUS_MOVE = YES;
				CLANG_WARN_UNGUARDED_AVAILABILITY = YES_AGGRESSIVE;
				CLANG_WARN_UNREACHABLE_CODE = YES;
				CLANG_WARN__DUPLICATE_METHOD_MATCH = YES;
				COPY_PHASE_STRIP = NO;
				DEBUG_INFORMATION_FORMAT = dwarf;
				ENABLE_STRICT_OBJC_MSGSEND = YES;
				ENABLE_TESTABILITY = YES;
				GCC_C_LANGUAGE_STANDARD = gnu11;
				GCC_DYNAMIC_NO_PIC = NO;
				GCC_NO_COMMON_BLOCKS = YES;
				GCC_OPTIMIZATION_LEVEL = 0;
				GCC_PREPROCESSOR_DEFINITIONS = (
					"DEBUG=1",
					"$(inherited)",
				);
				GCC_WARN_64_TO_32_BIT_CONVERSION = YES;
				GCC_WARN_ABOUT_RETURN_TYPE = YES_ERROR;
				GCC_WARN_UNDECLARED_SELECTOR = YES;
				GCC_WARN_UNINITIALIZED_AUTOS = YES_AGGRESSIVE;
				GCC_WARN_UNUSED_FUNCTION = YES;
				GCC_WARN_UNUSED_VARIABLE = YES;
				IPHONEOS_DEPLOYMENT_TARGET = 15.5;
				MTL_ENABLE_DEBUG_INFO = INCLUDE_SOURCE;
				MTL_FAST_MATH = YES;
				ONLY_ACTIVE_ARCH = YES;
				SDKROOT = iphoneos;
				SWIFT_ACTIVE_COMPILATION_CONDITIONS = DEBUG;
				SWIFT_OPTIMIZATION_LEVEL = "-Onone";
			};
			name = Debug;
		};
		1F53E2A72917FECA007F1A07 /* Release */ = {
			isa = XCBuildConfiguration;
			buildSettings = {
				ALWAYS_SEARCH_USER_PATHS = NO;
				CLANG_ANALYZER_NONNULL = YES;
				CLANG_ANALYZER_NUMBER_OBJECT_CONVERSION = YES_AGGRESSIVE;
				CLANG_CXX_LANGUAGE_STANDARD = "gnu++17";
				CLANG_ENABLE_MODULES = YES;
				CLANG_ENABLE_OBJC_ARC = YES;
				CLANG_ENABLE_OBJC_WEAK = YES;
				CLANG_WARN_BLOCK_CAPTURE_AUTORELEASING = YES;
				CLANG_WARN_BOOL_CONVERSION = YES;
				CLANG_WARN_COMMA = YES;
				CLANG_WARN_CONSTANT_CONVERSION = YES;
				CLANG_WARN_DEPRECATED_OBJC_IMPLEMENTATIONS = YES;
				CLANG_WARN_DIRECT_OBJC_ISA_USAGE = YES_ERROR;
				CLANG_WARN_DOCUMENTATION_COMMENTS = YES;
				CLANG_WARN_EMPTY_BODY = YES;
				CLANG_WARN_ENUM_CONVERSION = YES;
				CLANG_WARN_INFINITE_RECURSION = YES;
				CLANG_WARN_INT_CONVERSION = YES;
				CLANG_WARN_NON_LITERAL_NULL_CONVERSION = YES;
				CLANG_WARN_OBJC_IMPLICIT_RETAIN_SELF = YES;
				CLANG_WARN_OBJC_LITERAL_CONVERSION = YES;
				CLANG_WARN_OBJC_ROOT_CLASS = YES_ERROR;
				CLANG_WARN_QUOTED_INCLUDE_IN_FRAMEWORK_HEADER = YES;
				CLANG_WARN_RANGE_LOOP_ANALYSIS = YES;
				CLANG_WARN_STRICT_PROTOTYPES = YES;
				CLANG_WARN_SUSPICIOUS_MOVE = YES;
				CLANG_WARN_UNGUARDED_AVAILABILITY = YES_AGGRESSIVE;
				CLANG_WARN_UNREACHABLE_CODE = YES;
				CLANG_WARN__DUPLICATE_METHOD_MATCH = YES;
				COPY_PHASE_STRIP = NO;
				DEBUG_INFORMATION_FORMAT = "dwarf-with-dsym";
				ENABLE_NS_ASSERTIONS = NO;
				ENABLE_STRICT_OBJC_MSGSEND = YES;
				GCC_C_LANGUAGE_STANDARD = gnu11;
				GCC_NO_COMMON_BLOCKS = YES;
				GCC_WARN_64_TO_32_BIT_CONVERSION = YES;
				GCC_WARN_ABOUT_RETURN_TYPE = YES_ERROR;
				GCC_WARN_UNDECLARED_SELECTOR = YES;
				GCC_WARN_UNINITIALIZED_AUTOS = YES_AGGRESSIVE;
				GCC_WARN_UNUSED_FUNCTION = YES;
				GCC_WARN_UNUSED_VARIABLE = YES;
				IPHONEOS_DEPLOYMENT_TARGET = 15.5;
				MTL_ENABLE_DEBUG_INFO = NO;
				MTL_FAST_MATH = YES;
				SDKROOT = iphoneos;
				SWIFT_COMPILATION_MODE = wholemodule;
				SWIFT_OPTIMIZATION_LEVEL = "-O";
				VALIDATE_PRODUCT = YES;
			};
			name = Release;
		};
		1F53E2A92917FECA007F1A07 /* Debug */ = {
			isa = XCBuildConfiguration;
			baseConfigurationReference = 93717F0B16AF20526FED6EC1 /* Pods-Bankey.debug.xcconfig */;
			buildSettings = {
				ASSETCATALOG_COMPILER_APPICON_NAME = AppIcon;
				ASSETCATALOG_COMPILER_GLOBAL_ACCENT_COLOR_NAME = AccentColor;
				CODE_SIGN_STYLE = Automatic;
				CURRENT_PROJECT_VERSION = 1;
				GENERATE_INFOPLIST_FILE = YES;
				INFOPLIST_FILE = Bankey/Info.plist;
				INFOPLIST_KEY_UIApplicationSupportsIndirectInputEvents = YES;
				INFOPLIST_KEY_UILaunchStoryboardName = LaunchScreen;
				INFOPLIST_KEY_UISupportedInterfaceOrientations_iPad = "UIInterfaceOrientationPortrait UIInterfaceOrientationPortraitUpsideDown UIInterfaceOrientationLandscapeLeft UIInterfaceOrientationLandscapeRight";
				INFOPLIST_KEY_UISupportedInterfaceOrientations_iPhone = "UIInterfaceOrientationPortrait UIInterfaceOrientationLandscapeLeft UIInterfaceOrientationLandscapeRight";
				LD_RUNPATH_SEARCH_PATHS = (
					"$(inherited)",
					"@executable_path/Frameworks",
				);
				MARKETING_VERSION = 1.0;
				PRODUCT_BUNDLE_IDENTIFIER = com.ganesh.Bankey;
				PRODUCT_NAME = "$(TARGET_NAME)";
				SWIFT_EMIT_LOC_STRINGS = YES;
				SWIFT_VERSION = 5.0;
				TARGETED_DEVICE_FAMILY = "1,2";
			};
			name = Debug;
		};
		1F53E2AA2917FECA007F1A07 /* Release */ = {
			isa = XCBuildConfiguration;
			baseConfigurationReference = 5AC4E66159D65A2C059AB208 /* Pods-Bankey.release.xcconfig */;
			buildSettings = {
				ASSETCATALOG_COMPILER_APPICON_NAME = AppIcon;
				ASSETCATALOG_COMPILER_GLOBAL_ACCENT_COLOR_NAME = AccentColor;
				CODE_SIGN_STYLE = Automatic;
				CURRENT_PROJECT_VERSION = 1;
				GENERATE_INFOPLIST_FILE = YES;
				INFOPLIST_FILE = Bankey/Info.plist;
				INFOPLIST_KEY_UIApplicationSupportsIndirectInputEvents = YES;
				INFOPLIST_KEY_UILaunchStoryboardName = LaunchScreen;
				INFOPLIST_KEY_UISupportedInterfaceOrientations_iPad = "UIInterfaceOrientationPortrait UIInterfaceOrientationPortraitUpsideDown UIInterfaceOrientationLandscapeLeft UIInterfaceOrientationLandscapeRight";
				INFOPLIST_KEY_UISupportedInterfaceOrientations_iPhone = "UIInterfaceOrientationPortrait UIInterfaceOrientationLandscapeLeft UIInterfaceOrientationLandscapeRight";
				LD_RUNPATH_SEARCH_PATHS = (
					"$(inherited)",
					"@executable_path/Frameworks",
				);
				MARKETING_VERSION = 1.0;
				PRODUCT_BUNDLE_IDENTIFIER = com.ganesh.Bankey;
				PRODUCT_NAME = "$(TARGET_NAME)";
				SWIFT_EMIT_LOC_STRINGS = YES;
				SWIFT_VERSION = 5.0;
				TARGETED_DEVICE_FAMILY = "1,2";
			};
			name = Release;
		};
/* End XCBuildConfiguration section */

/* Begin XCConfigurationList section */
		1F53E28F2917FEC6007F1A07 /* Build configuration list for PBXProject "Bankey" */ = {
			isa = XCConfigurationList;
			buildConfigurations = (
				1F53E2A62917FECA007F1A07 /* Debug */,
				1F53E2A72917FECA007F1A07 /* Release */,
			);
			defaultConfigurationIsVisible = 0;
			defaultConfigurationName = Release;
		};
		1F53E2A82917FECA007F1A07 /* Build configuration list for PBXNativeTarget "Bankey" */ = {
			isa = XCConfigurationList;
			buildConfigurations = (
				1F53E2A92917FECA007F1A07 /* Debug */,
				1F53E2AA2917FECA007F1A07 /* Release */,
			);
			defaultConfigurationIsVisible = 0;
			defaultConfigurationName = Release;
		};
/* End XCConfigurationList section */
	};
	rootObject = 1F53E28C2917FEC6007F1A07 /* Project object */;
}
